
Microsoft Visual Studio Solution File, Format Version 12.00
# Visual Studio Version 17
VisualStudioVersion = 17.1.32210.238
MinimumVisualStudioVersion = 10.0.40219.1
Project("{9A19103F-16F7-4668-BE54-9A1E7A4F7556}") = "PegasusTest", "PegasusTest\PegasusTest.csproj", "{A5693B9A-FD6E-417B-9328-5EC25AA204B7}"
EndProject
Project("{D954291E-2A0B-460D-934E-DC6B0785DB48}") = "Pegasus.Driver.Shared", "Pegasus.Driver.Shared\Pegasus.Driver.Shared.shproj", "{C84DAE9D-2F1B-49AD-850A-935D665EB07E}"
EndProject
Project("{9A19103F-16F7-4668-BE54-9A1E7A4F7556}") = "Pegasus.API.NetCore", "Pegasus.API.NetCore\Pegasus.API.NetCore.csproj", "{CE9DFBAA-7F49-454E-874D-54EB33E9B584}"
EndProject
Global
	GlobalSection(SharedMSBuildProjectFiles) = preSolution
		Pegasus.Driver.Shared\Pegasus.Driver.Shared.projitems*{a5693b9a-fd6e-417b-9328-5ec25aa204b7}*SharedItemsImports = 5
		Pegasus.Driver.Shared\Pegasus.Driver.Shared.projitems*{c84dae9d-2f1b-49ad-850a-935d665eb07e}*SharedItemsImports = 13
		Pegasus.Driver.Shared\Pegasus.Driver.Shared.projitems*{ce9dfbaa-7f49-454e-874d-54eb33e9b584}*SharedItemsImports = 5
	EndGlobalSection
	GlobalSection(SolutionConfigurationPlatforms) = preSolution
		Debug|Any CPU = Debug|Any CPU
		Release|Any CPU = Release|Any CPU
	EndGlobalSection
	GlobalSection(ProjectConfigurationPlatforms) = postSolution
		{A5693B9A-FD6E-417B-9328-5EC25AA204B7}.Debug|Any CPU.ActiveCfg = Debug|Any CPU
		{A5693B9A-FD6E-417B-9328-5EC25AA204B7}.Debug|Any CPU.Build.0 = Debug|Any CPU
		{A5693B9A-FD6E-417B-9328-5EC25AA204B7}.Release|Any CPU.ActiveCfg = Release|Any CPU
		{A5693B9A-FD6E-417B-9328-5EC25AA204B7}.Release|Any CPU.Build.0 = Release|Any CPU
		{CE9DFBAA-7F49-454E-874D-54EB33E9B584}.Debug|Any CPU.ActiveCfg = Debug|Any CPU
		{CE9DFBAA-7F49-454E-874D-54EB33E9B584}.Debug|Any CPU.Build.0 = Debug|Any CPU
		{CE9DFBAA-7F49-454E-874D-54EB33E9B584}.Release|Any CPU.ActiveCfg = Release|Any CPU
		{CE9DFBAA-7F49-454E-874D-54EB33E9B584}.Release|Any CPU.Build.0 = Release|Any CPU
	EndGlobalSection
	GlobalSection(SolutionProperties) = preSolution
		HideSolutionNode = FALSE
	EndGlobalSection
	GlobalSection(ExtensibilityGlobals) = postSolution
		SolutionGuid = {DC3DA064-FA76-46D3-88A3-3490F40C20E3}
	EndGlobalSection
EndGlobal
